// !$*UTF8*$!
{
	archiveVersion = 1;
	classes = {
	};
	objectVersion = 56;
	objects = {

/* Begin PBXBuildFile section */
		466A68D3B619E6BF8B98F2AA /* Pods_ArtiWall.framework in Frameworks */ = {isa = PBXBuildFile; fileRef = 46D294D57BACE4F7FFE862DA /* Pods_ArtiWall.framework */; };
		EF46CABF2B84DA3800ECEB40 /* Colors.xcassets in Resources */ = {isa = PBXBuildFile; fileRef = EF46CABE2B84DA3800ECEB40 /* Colors.xcassets */; };
		EF46CAC32B85E7BA00ECEB40 /* NetworkService.swift in Sources */ = {isa = PBXBuildFile; fileRef = EF46CAC22B85E7BA00ECEB40 /* NetworkService.swift */; };
		EF46CAC62B85EE3F00ECEB40 /* APIBuilder.swift in Sources */ = {isa = PBXBuildFile; fileRef = EF46CAC52B85EE3F00ECEB40 /* APIBuilder.swift */; };
		EF46CAC82B85F4E800ECEB40 /* AIGeneratedModel.swift in Sources */ = {isa = PBXBuildFile; fileRef = EF46CAC72B85F4E800ECEB40 /* AIGeneratedModel.swift */; };
		EF46CACC2B86561400ECEB40 /* NetworkError.swift in Sources */ = {isa = PBXBuildFile; fileRef = EF46CACB2B86561400ECEB40 /* NetworkError.swift */; };
		EF66F2F92B8E42F00098FA78 /* PopupErrorViewController.swift in Sources */ = {isa = PBXBuildFile; fileRef = EF66F2F82B8E42F00098FA78 /* PopupErrorViewController.swift */; };
		EF66F2FC2B8E606D0098FA78 /* CustomDismissalTransition.swift in Sources */ = {isa = PBXBuildFile; fileRef = EF66F2FB2B8E606D0098FA78 /* CustomDismissalTransition.swift */; };
		EF66F2FE2B8E60880098FA78 /* CustomPresentationTransition.swift in Sources */ = {isa = PBXBuildFile; fileRef = EF66F2FD2B8E60880098FA78 /* CustomPresentationTransition.swift */; };
		EF66F3052B8F19D90098FA78 /* HomePresenter.swift in Sources */ = {isa = PBXBuildFile; fileRef = EF66F3042B8F19D90098FA78 /* HomePresenter.swift */; };
		EF66F3072B8F1CC90098FA78 /* ResultPresenter.swift in Sources */ = {isa = PBXBuildFile; fileRef = EF66F3062B8F1CC90098FA78 /* ResultPresenter.swift */; };
		EF66F3092B8F1DA50098FA78 /* PopupErrorPresenter.swift in Sources */ = {isa = PBXBuildFile; fileRef = EF66F3082B8F1DA50098FA78 /* PopupErrorPresenter.swift */; };
		EF66F30B2B8F1F910098FA78 /* CoverLoaderPresenter.swift in Sources */ = {isa = PBXBuildFile; fileRef = EF66F30A2B8F1F910098FA78 /* CoverLoaderPresenter.swift */; };
		EF66F30D2B8F42A20098FA78 /* HomeModuleAssembly.swift in Sources */ = {isa = PBXBuildFile; fileRef = EF66F30C2B8F42A20098FA78 /* HomeModuleAssembly.swift */; };
		EF66F30F2B8F7A390098FA78 /* CoverLoaderModuleAssembly.swift in Sources */ = {isa = PBXBuildFile; fileRef = EF66F30E2B8F7A390098FA78 /* CoverLoaderModuleAssembly.swift */; };
		EF66F3112B8F7B760098FA78 /* PopupErrorModuleAssembly.swift in Sources */ = {isa = PBXBuildFile; fileRef = EF66F3102B8F7B760098FA78 /* PopupErrorModuleAssembly.swift */; };
		EF66F3132B8F7C6D0098FA78 /* ResultModuleAssembly.swift in Sources */ = {isa = PBXBuildFile; fileRef = EF66F3122B8F7C6D0098FA78 /* ResultModuleAssembly.swift */; };
		EF66F3152B8F9C7D0098FA78 /* UIViewController+Extensions.swift in Sources */ = {isa = PBXBuildFile; fileRef = EF66F3142B8F9C7D0098FA78 /* UIViewController+Extensions.swift */; };
		EF66F3172B8FACE30098FA78 /* ArtiWallNavigationController.swift in Sources */ = {isa = PBXBuildFile; fileRef = EF66F3162B8FACE30098FA78 /* ArtiWallNavigationController.swift */; };
		EF66F31A2B908B5D0098FA78 /* TimeLabelView.swift in Sources */ = {isa = PBXBuildFile; fileRef = EF66F3192B908B5D0098FA78 /* TimeLabelView.swift */; };
		EF66F31D2B90C6F30098FA78 /* PopupActionButton.swift in Sources */ = {isa = PBXBuildFile; fileRef = EF66F31C2B90C6F30098FA78 /* PopupActionButton.swift */; };
		EF9315E02B8CA37700BD3198 /* RoundIconButton.swift in Sources */ = {isa = PBXBuildFile; fileRef = EF9315DF2B8CA37700BD3198 /* RoundIconButton.swift */; };
		EFAE42C62B83EFCE009F1C3F /* .swiftlint.yml in Resources */ = {isa = PBXBuildFile; fileRef = EFAE42C52B83EFCE009F1C3F /* .swiftlint.yml */; };
		EFAE42C82B83F026009F1C3F /* .swiftformat in Resources */ = {isa = PBXBuildFile; fileRef = EFAE42C72B83F026009F1C3F /* .swiftformat */; };
		EFB7A0FC2B83543F00613834 /* AppDelegate.swift in Sources */ = {isa = PBXBuildFile; fileRef = EFB7A0FB2B83543F00613834 /* AppDelegate.swift */; };
		EFB7A0FE2B83543F00613834 /* SceneDelegate.swift in Sources */ = {isa = PBXBuildFile; fileRef = EFB7A0FD2B83543F00613834 /* SceneDelegate.swift */; };
		EFB7A1002B83543F00613834 /* HomeViewController.swift in Sources */ = {isa = PBXBuildFile; fileRef = EFB7A0FF2B83543F00613834 /* HomeViewController.swift */; };
		EFB7A1052B83544100613834 /* Assets.xcassets in Resources */ = {isa = PBXBuildFile; fileRef = EFB7A1042B83544100613834 /* Assets.xcassets */; };
		EFB7A1082B83544100613834 /* LaunchScreen.storyboard in Resources */ = {isa = PBXBuildFile; fileRef = EFB7A1062B83544100613834 /* LaunchScreen.storyboard */; };
		EFEF4A5B2B8750FA00C207C2 /* UIView+Extensions.swift in Sources */ = {isa = PBXBuildFile; fileRef = EFEF4A5A2B8750FA00C207C2 /* UIView+Extensions.swift */; };
		EFEF4A5E2B87555400C207C2 /* plane.json in Resources */ = {isa = PBXBuildFile; fileRef = EFEF4A5D2B87555400C207C2 /* plane.json */; };
		EFEF4A602B8758A600C207C2 /* CoverLoaderViewController.swift in Sources */ = {isa = PBXBuildFile; fileRef = EFEF4A5F2B8758A600C207C2 /* CoverLoaderViewController.swift */; };
		EFEF4A622B87709600C207C2 /* UILabel+Extensions.swift in Sources */ = {isa = PBXBuildFile; fileRef = EFEF4A612B87709500C207C2 /* UILabel+Extensions.swift */; };
		EFEF4A642B87717000C207C2 /* UIFont+Extensions.swift in Sources */ = {isa = PBXBuildFile; fileRef = EFEF4A632B87717000C207C2 /* UIFont+Extensions.swift */; };
		EFEF4A662B878A7E00C207C2 /* Mister Brush.ttf in Resources */ = {isa = PBXBuildFile; fileRef = EFEF4A652B878A7E00C207C2 /* Mister Brush.ttf */; };
		EFEF4A6C2B8792BB00C207C2 /* ResultViewController.swift in Sources */ = {isa = PBXBuildFile; fileRef = EFEF4A6B2B8792BB00C207C2 /* ResultViewController.swift */; };
/* End PBXBuildFile section */

/* Begin PBXFileReference section */
		46D294D57BACE4F7FFE862DA /* Pods_ArtiWall.framework */ = {isa = PBXFileReference; explicitFileType = wrapper.framework; includeInIndex = 0; path = Pods_ArtiWall.framework; sourceTree = BUILT_PRODUCTS_DIR; };
		5BBECCC33CE5B66F4A8EE2E5 /* Pods-ArtiWall.debug.xcconfig */ = {isa = PBXFileReference; includeInIndex = 1; lastKnownFileType = text.xcconfig; name = "Pods-ArtiWall.debug.xcconfig"; path = "Target Support Files/Pods-ArtiWall/Pods-ArtiWall.debug.xcconfig"; sourceTree = "<group>"; };
		A64B4EA5E2C2345BDD367176 /* Pods-ArtiWall.release.xcconfig */ = {isa = PBXFileReference; includeInIndex = 1; lastKnownFileType = text.xcconfig; name = "Pods-ArtiWall.release.xcconfig"; path = "Target Support Files/Pods-ArtiWall/Pods-ArtiWall.release.xcconfig"; sourceTree = "<group>"; };
		EF46CABE2B84DA3800ECEB40 /* Colors.xcassets */ = {isa = PBXFileReference; lastKnownFileType = folder.assetcatalog; path = Colors.xcassets; sourceTree = "<group>"; };
		EF46CAC22B85E7BA00ECEB40 /* NetworkService.swift */ = {isa = PBXFileReference; lastKnownFileType = sourcecode.swift; path = NetworkService.swift; sourceTree = "<group>"; };
		EF46CAC52B85EE3F00ECEB40 /* APIBuilder.swift */ = {isa = PBXFileReference; lastKnownFileType = sourcecode.swift; path = APIBuilder.swift; sourceTree = "<group>"; };
		EF46CAC72B85F4E800ECEB40 /* AIGeneratedModel.swift */ = {isa = PBXFileReference; lastKnownFileType = sourcecode.swift; path = AIGeneratedModel.swift; sourceTree = "<group>"; };
		EF46CACB2B86561400ECEB40 /* NetworkError.swift */ = {isa = PBXFileReference; lastKnownFileType = sourcecode.swift; path = NetworkError.swift; sourceTree = "<group>"; };
		EF66F2F82B8E42F00098FA78 /* PopupErrorViewController.swift */ = {isa = PBXFileReference; lastKnownFileType = sourcecode.swift; path = PopupErrorViewController.swift; sourceTree = "<group>"; };
		EF66F2FB2B8E606D0098FA78 /* CustomDismissalTransition.swift */ = {isa = PBXFileReference; lastKnownFileType = sourcecode.swift; path = CustomDismissalTransition.swift; sourceTree = "<group>"; };
		EF66F2FD2B8E60880098FA78 /* CustomPresentationTransition.swift */ = {isa = PBXFileReference; lastKnownFileType = sourcecode.swift; path = CustomPresentationTransition.swift; sourceTree = "<group>"; };
		EF66F3042B8F19D90098FA78 /* HomePresenter.swift */ = {isa = PBXFileReference; lastKnownFileType = sourcecode.swift; path = HomePresenter.swift; sourceTree = "<group>"; };
		EF66F3062B8F1CC90098FA78 /* ResultPresenter.swift */ = {isa = PBXFileReference; lastKnownFileType = sourcecode.swift; path = ResultPresenter.swift; sourceTree = "<group>"; };
		EF66F3082B8F1DA50098FA78 /* PopupErrorPresenter.swift */ = {isa = PBXFileReference; lastKnownFileType = sourcecode.swift; path = PopupErrorPresenter.swift; sourceTree = "<group>"; };
		EF66F30A2B8F1F910098FA78 /* CoverLoaderPresenter.swift */ = {isa = PBXFileReference; lastKnownFileType = sourcecode.swift; path = CoverLoaderPresenter.swift; sourceTree = "<group>"; };
		EF66F30C2B8F42A20098FA78 /* HomeModuleAssembly.swift */ = {isa = PBXFileReference; lastKnownFileType = sourcecode.swift; path = HomeModuleAssembly.swift; sourceTree = "<group>"; };
		EF66F30E2B8F7A390098FA78 /* CoverLoaderModuleAssembly.swift */ = {isa = PBXFileReference; lastKnownFileType = sourcecode.swift; path = CoverLoaderModuleAssembly.swift; sourceTree = "<group>"; };
		EF66F3102B8F7B760098FA78 /* PopupErrorModuleAssembly.swift */ = {isa = PBXFileReference; lastKnownFileType = sourcecode.swift; path = PopupErrorModuleAssembly.swift; sourceTree = "<group>"; };
		EF66F3122B8F7C6D0098FA78 /* ResultModuleAssembly.swift */ = {isa = PBXFileReference; lastKnownFileType = sourcecode.swift; path = ResultModuleAssembly.swift; sourceTree = "<group>"; };
		EF66F3142B8F9C7D0098FA78 /* UIViewController+Extensions.swift */ = {isa = PBXFileReference; lastKnownFileType = sourcecode.swift; path = "UIViewController+Extensions.swift"; sourceTree = "<group>"; };
		EF66F3162B8FACE30098FA78 /* ArtiWallNavigationController.swift */ = {isa = PBXFileReference; lastKnownFileType = sourcecode.swift; path = ArtiWallNavigationController.swift; sourceTree = "<group>"; };
		EF66F3192B908B5D0098FA78 /* TimeLabelView.swift */ = {isa = PBXFileReference; lastKnownFileType = sourcecode.swift; path = TimeLabelView.swift; sourceTree = "<group>"; };
		EF66F31C2B90C6F30098FA78 /* PopupActionButton.swift */ = {isa = PBXFileReference; lastKnownFileType = sourcecode.swift; path = PopupActionButton.swift; sourceTree = "<group>"; };
		EF9315DF2B8CA37700BD3198 /* RoundIconButton.swift */ = {isa = PBXFileReference; lastKnownFileType = sourcecode.swift; path = RoundIconButton.swift; sourceTree = "<group>"; };
		EFAE42C52B83EFCE009F1C3F /* .swiftlint.yml */ = {isa = PBXFileReference; lastKnownFileType = text.yaml; path = .swiftlint.yml; sourceTree = "<group>"; };
		EFAE42C72B83F026009F1C3F /* .swiftformat */ = {isa = PBXFileReference; lastKnownFileType = text; path = .swiftformat; sourceTree = "<group>"; };
		EFB7A0F82B83543F00613834 /* ArtiWall.app */ = {isa = PBXFileReference; explicitFileType = wrapper.application; includeInIndex = 0; path = ArtiWall.app; sourceTree = BUILT_PRODUCTS_DIR; };
		EFB7A0FB2B83543F00613834 /* AppDelegate.swift */ = {isa = PBXFileReference; lastKnownFileType = sourcecode.swift; path = AppDelegate.swift; sourceTree = "<group>"; };
		EFB7A0FD2B83543F00613834 /* SceneDelegate.swift */ = {isa = PBXFileReference; lastKnownFileType = sourcecode.swift; path = SceneDelegate.swift; sourceTree = "<group>"; };
		EFB7A0FF2B83543F00613834 /* HomeViewController.swift */ = {isa = PBXFileReference; lastKnownFileType = sourcecode.swift; path = HomeViewController.swift; sourceTree = "<group>"; };
		EFB7A1042B83544100613834 /* Assets.xcassets */ = {isa = PBXFileReference; lastKnownFileType = folder.assetcatalog; path = Assets.xcassets; sourceTree = "<group>"; };
		EFB7A1072B83544100613834 /* Base */ = {isa = PBXFileReference; lastKnownFileType = file.storyboard; name = Base; path = Base.lproj/LaunchScreen.storyboard; sourceTree = "<group>"; };
		EFB7A1092B83544100613834 /* Info.plist */ = {isa = PBXFileReference; lastKnownFileType = text.plist.xml; path = Info.plist; sourceTree = "<group>"; };
		EFEF4A5A2B8750FA00C207C2 /* UIView+Extensions.swift */ = {isa = PBXFileReference; lastKnownFileType = sourcecode.swift; path = "UIView+Extensions.swift"; sourceTree = "<group>"; };
		EFEF4A5D2B87555400C207C2 /* plane.json */ = {isa = PBXFileReference; fileEncoding = 4; lastKnownFileType = text.json; path = plane.json; sourceTree = "<group>"; };
		EFEF4A5F2B8758A600C207C2 /* CoverLoaderViewController.swift */ = {isa = PBXFileReference; lastKnownFileType = sourcecode.swift; path = CoverLoaderViewController.swift; sourceTree = "<group>"; };
		EFEF4A612B87709500C207C2 /* UILabel+Extensions.swift */ = {isa = PBXFileReference; lastKnownFileType = sourcecode.swift; path = "UILabel+Extensions.swift"; sourceTree = "<group>"; };
		EFEF4A632B87717000C207C2 /* UIFont+Extensions.swift */ = {isa = PBXFileReference; lastKnownFileType = sourcecode.swift; path = "UIFont+Extensions.swift"; sourceTree = "<group>"; };
		EFEF4A652B878A7E00C207C2 /* Mister Brush.ttf */ = {isa = PBXFileReference; lastKnownFileType = file; path = "Mister Brush.ttf"; sourceTree = "<group>"; };
		EFEF4A6B2B8792BB00C207C2 /* ResultViewController.swift */ = {isa = PBXFileReference; lastKnownFileType = sourcecode.swift; path = ResultViewController.swift; sourceTree = "<group>"; };
/* End PBXFileReference section */

/* Begin PBXFrameworksBuildPhase section */
		EFB7A0F52B83543F00613834 /* Frameworks */ = {
			isa = PBXFrameworksBuildPhase;
			buildActionMask = 2147483647;
			files = (
				466A68D3B619E6BF8B98F2AA /* Pods_ArtiWall.framework in Frameworks */,
			);
			runOnlyForDeploymentPostprocessing = 0;
		};
/* End PBXFrameworksBuildPhase section */

/* Begin PBXGroup section */
		534B61159310816E952C582B /* Frameworks */ = {
			isa = PBXGroup;
			children = (
				46D294D57BACE4F7FFE862DA /* Pods_ArtiWall.framework */,
			);
			name = Frameworks;
			sourceTree = "<group>";
		};
		9BCA11608CD1BD7AD756F2FE /* Pods */ = {
			isa = PBXGroup;
			children = (
				5BBECCC33CE5B66F4A8EE2E5 /* Pods-ArtiWall.debug.xcconfig */,
				A64B4EA5E2C2345BDD367176 /* Pods-ArtiWall.release.xcconfig */,
			);
			path = Pods;
			sourceTree = "<group>";
		};
		EF46CABD2B84DA1700ECEB40 /* Root */ = {
			isa = PBXGroup;
			children = (
				EFB7A0FB2B83543F00613834 /* AppDelegate.swift */,
				EFB7A0FD2B83543F00613834 /* SceneDelegate.swift */,
			);
			path = Root;
			sourceTree = "<group>";
		};
		EF46CAC02B84DE3000ECEB40 /* Supporting Files */ = {
			isa = PBXGroup;
			children = (
				EFEF4A672B878A8300C207C2 /* Custom fonts */,
				EFEF4A682B878A9800C207C2 /* Lottie animations */,
				EFB7A1042B83544100613834 /* Assets.xcassets */,
				EF46CABE2B84DA3800ECEB40 /* Colors.xcassets */,
				EFB7A1062B83544100613834 /* LaunchScreen.storyboard */,
				EFB7A1092B83544100613834 /* Info.plist */,
			);
			path = "Supporting Files";
			sourceTree = "<group>";
		};
		EF46CAC42B85E7C800ECEB40 /* Services */ = {
			isa = PBXGroup;
			children = (
				EF46CAC52B85EE3F00ECEB40 /* APIBuilder.swift */,
				EF46CAC22B85E7BA00ECEB40 /* NetworkService.swift */,
				EF46CACB2B86561400ECEB40 /* NetworkError.swift */,
			);
			path = Services;
			sourceTree = "<group>";
		};
		EF46CACD2B866CC700ECEB40 /* Models */ = {
			isa = PBXGroup;
			children = (
				EF46CAC72B85F4E800ECEB40 /* AIGeneratedModel.swift */,
			);
			path = Models;
			sourceTree = "<group>";
		};
		EF46CAD02B86805F00ECEB40 /* Extensions */ = {
			isa = PBXGroup;
			children = (
				EFEF4A5A2B8750FA00C207C2 /* UIView+Extensions.swift */,
				EFEF4A612B87709500C207C2 /* UILabel+Extensions.swift */,
				EFEF4A632B87717000C207C2 /* UIFont+Extensions.swift */,
				EF66F3142B8F9C7D0098FA78 /* UIViewController+Extensions.swift */,
			);
			path = Extensions;
			sourceTree = "<group>";
		};
		EF66F2FA2B8E60450098FA78 /* PopupErrorModule */ = {
			isa = PBXGroup;
			children = (
				EF66F3102B8F7B760098FA78 /* PopupErrorModuleAssembly.swift */,
				EF66F3082B8F1DA50098FA78 /* PopupErrorPresenter.swift */,
				EF66F2F82B8E42F00098FA78 /* PopupErrorViewController.swift */,
				EF66F31E2B90C95E0098FA78 /* PopupErrorModuleViews */,
			);
			path = PopupErrorModule;
			sourceTree = "<group>";
		};
		EF66F2FF2B8E60A90098FA78 /* CustomNavigationController */ = {
			isa = PBXGroup;
			children = (
				EF66F3162B8FACE30098FA78 /* ArtiWallNavigationController.swift */,
				EF66F2FD2B8E60880098FA78 /* CustomPresentationTransition.swift */,
				EF66F2FB2B8E606D0098FA78 /* CustomDismissalTransition.swift */,
			);
			path = CustomNavigationController;
			sourceTree = "<group>";
		};
		EF66F3002B8F19570098FA78 /* HomeModule */ = {
			isa = PBXGroup;
			children = (
				EF66F30C2B8F42A20098FA78 /* HomeModuleAssembly.swift */,
				EF66F3042B8F19D90098FA78 /* HomePresenter.swift */,
				EFB7A0FF2B83543F00613834 /* HomeViewController.swift */,
			);
			path = HomeModule;
			sourceTree = "<group>";
		};
		EF66F3012B8F19660098FA78 /* LoadingModule */ = {
			isa = PBXGroup;
			children = (
				EF66F30E2B8F7A390098FA78 /* CoverLoaderModuleAssembly.swift */,
				EF66F30A2B8F1F910098FA78 /* CoverLoaderPresenter.swift */,
				EFEF4A5F2B8758A600C207C2 /* CoverLoaderViewController.swift */,
			);
			path = LoadingModule;
			sourceTree = "<group>";
		};
		EF66F3022B8F19750098FA78 /* ResultModule */ = {
			isa = PBXGroup;
			children = (
				EF66F3122B8F7C6D0098FA78 /* ResultModuleAssembly.swift */,
				EF66F3062B8F1CC90098FA78 /* ResultPresenter.swift */,
				EFEF4A6B2B8792BB00C207C2 /* ResultViewController.swift */,
				EF66F31B2B908B760098FA78 /* ResultModuleViews */,
			);
			path = ResultModule;
			sourceTree = "<group>";
		};
		EF66F3032B8F19890098FA78 /* Modules */ = {
			isa = PBXGroup;
			children = (
				EF66F3002B8F19570098FA78 /* HomeModule */,
				EF66F3012B8F19660098FA78 /* LoadingModule */,
				EF66F2FA2B8E60450098FA78 /* PopupErrorModule */,
				EF66F3022B8F19750098FA78 /* ResultModule */,
			);
			path = Modules;
			sourceTree = "<group>";
		};
		EF66F3182B8FCA0A0098FA78 /* Utilities */ = {
			isa = PBXGroup;
			children = (
				EF66F2FF2B8E60A90098FA78 /* CustomNavigationController */,
				EF9315E12B8CF3EE00BD3198 /* CommonUI */,
			);
			path = Utilities;
			sourceTree = "<group>";
		};
		EF66F31B2B908B760098FA78 /* ResultModuleViews */ = {
			isa = PBXGroup;
			children = (
				EF66F3192B908B5D0098FA78 /* TimeLabelView.swift */,
			);
			path = ResultModuleViews;
			sourceTree = "<group>";
		};
		EF66F31E2B90C95E0098FA78 /* PopupErrorModuleViews */ = {
			isa = PBXGroup;
			children = (
				EF66F31C2B90C6F30098FA78 /* PopupActionButton.swift */,
			);
			path = PopupErrorModuleViews;
			sourceTree = "<group>";
		};
		EF9315E12B8CF3EE00BD3198 /* CommonUI */ = {
			isa = PBXGroup;
			children = (
				EF9315DF2B8CA37700BD3198 /* RoundIconButton.swift */,
			);
			path = CommonUI;
			sourceTree = "<group>";
		};
		EFB7A0EF2B83543F00613834 = {
			isa = PBXGroup;
			children = (
				EFB7A0FA2B83543F00613834 /* ArtiWall */,
				9BCA11608CD1BD7AD756F2FE /* Pods */,
				534B61159310816E952C582B /* Frameworks */,
				EFAE42C52B83EFCE009F1C3F /* .swiftlint.yml */,
				EFAE42C72B83F026009F1C3F /* .swiftformat */,
				EFB7A0F92B83543F00613834 /* Products */,
			);
			sourceTree = "<group>";
		};
		EFB7A0F92B83543F00613834 /* Products */ = {
			isa = PBXGroup;
			children = (
				EFB7A0F82B83543F00613834 /* ArtiWall.app */,
			);
			name = Products;
			sourceTree = "<group>";
		};
		EFB7A0FA2B83543F00613834 /* ArtiWall */ = {
			isa = PBXGroup;
			children = (
				EF46CABD2B84DA1700ECEB40 /* Root */,
				EF46CACD2B866CC700ECEB40 /* Models */,
				EF46CAC42B85E7C800ECEB40 /* Services */,
				EF66F3032B8F19890098FA78 /* Modules */,
				EF66F3182B8FCA0A0098FA78 /* Utilities */,
				EF46CAD02B86805F00ECEB40 /* Extensions */,
				EF46CAC02B84DE3000ECEB40 /* Supporting Files */,
			);
			path = ArtiWall;
			sourceTree = "<group>";
		};
		EFEF4A672B878A8300C207C2 /* Custom fonts */ = {
			isa = PBXGroup;
			children = (
				EFEF4A652B878A7E00C207C2 /* Mister Brush.ttf */,
			);
			path = "Custom fonts";
			sourceTree = "<group>";
		};
		EFEF4A682B878A9800C207C2 /* Lottie animations */ = {
			isa = PBXGroup;
			children = (
				EFEF4A5D2B87555400C207C2 /* plane.json */,
			);
			path = "Lottie animations";
			sourceTree = "<group>";
		};
/* End PBXGroup section */

/* Begin PBXNativeTarget section */
		EFB7A0F72B83543F00613834 /* ArtiWall */ = {
			isa = PBXNativeTarget;
			buildConfigurationList = EFB7A10C2B83544100613834 /* Build configuration list for PBXNativeTarget "ArtiWall" */;
			buildPhases = (
				3E1C29A034939053AD3A286D /* [CP] Check Pods Manifest.lock */,
				EFDC71FA2B83E32A0022EB9E /* Run Script SwiftLint */,
				EFB7A0F42B83543F00613834 /* Sources */,
				EFB7A0F52B83543F00613834 /* Frameworks */,
				EFB7A0F62B83543F00613834 /* Resources */,
				D69A194FD1874779CF4CCFFB /* [CP] Embed Pods Frameworks */,
			);
			buildRules = (
			);
			dependencies = (
			);
			name = ArtiWall;
			productName = ArtiWall;
			productReference = EFB7A0F82B83543F00613834 /* ArtiWall.app */;
			productType = "com.apple.product-type.application";
		};
/* End PBXNativeTarget section */

/* Begin PBXProject section */
		EFB7A0F02B83543F00613834 /* Project object */ = {
			isa = PBXProject;
			attributes = {
				BuildIndependentTargetsInParallel = 1;
				LastSwiftUpdateCheck = 1520;
				LastUpgradeCheck = 1520;
				TargetAttributes = {
					EFB7A0F72B83543F00613834 = {
						CreatedOnToolsVersion = 15.2;
					};
				};
			};
			buildConfigurationList = EFB7A0F32B83543F00613834 /* Build configuration list for PBXProject "ArtiWall" */;
			compatibilityVersion = "Xcode 14.0";
			developmentRegion = en;
			hasScannedForEncodings = 0;
			knownRegions = (
				en,
				Base,
			);
			mainGroup = EFB7A0EF2B83543F00613834;
			productRefGroup = EFB7A0F92B83543F00613834 /* Products */;
			projectDirPath = "";
			projectRoot = "";
			targets = (
				EFB7A0F72B83543F00613834 /* ArtiWall */,
			);
		};
/* End PBXProject section */

/* Begin PBXResourcesBuildPhase section */
		EFB7A0F62B83543F00613834 /* Resources */ = {
			isa = PBXResourcesBuildPhase;
			buildActionMask = 2147483647;
			files = (
				EF46CABF2B84DA3800ECEB40 /* Colors.xcassets in Resources */,
				EFAE42C82B83F026009F1C3F /* .swiftformat in Resources */,
				EFAE42C62B83EFCE009F1C3F /* .swiftlint.yml in Resources */,
				EFB7A1082B83544100613834 /* LaunchScreen.storyboard in Resources */,
				EFEF4A5E2B87555400C207C2 /* plane.json in Resources */,
				EFEF4A662B878A7E00C207C2 /* Mister Brush.ttf in Resources */,
				EFB7A1052B83544100613834 /* Assets.xcassets in Resources */,
			);
			runOnlyForDeploymentPostprocessing = 0;
		};
/* End PBXResourcesBuildPhase section */

/* Begin PBXShellScriptBuildPhase section */
		3E1C29A034939053AD3A286D /* [CP] Check Pods Manifest.lock */ = {
			isa = PBXShellScriptBuildPhase;
			buildActionMask = 2147483647;
			files = (
			);
			inputFileListPaths = (
			);
			inputPaths = (
				"${PODS_PODFILE_DIR_PATH}/Podfile.lock",
				"${PODS_ROOT}/Manifest.lock",
			);
			name = "[CP] Check Pods Manifest.lock";
			outputFileListPaths = (
			);
			outputPaths = (
				"$(DERIVED_FILE_DIR)/Pods-ArtiWall-checkManifestLockResult.txt",
			);
			runOnlyForDeploymentPostprocessing = 0;
			shellPath = /bin/sh;
			shellScript = "diff \"${PODS_PODFILE_DIR_PATH}/Podfile.lock\" \"${PODS_ROOT}/Manifest.lock\" > /dev/null\nif [ $? != 0 ] ; then\n    # print error to STDERR\n    echo \"error: The sandbox is not in sync with the Podfile.lock. Run 'pod install' or update your CocoaPods installation.\" >&2\n    exit 1\nfi\n# This output is used by Xcode 'outputs' to avoid re-running this script phase.\necho \"SUCCESS\" > \"${SCRIPT_OUTPUT_FILE_0}\"\n";
			showEnvVarsInLog = 0;
		};
		D69A194FD1874779CF4CCFFB /* [CP] Embed Pods Frameworks */ = {
			isa = PBXShellScriptBuildPhase;
			buildActionMask = 2147483647;
			files = (
			);
			inputFileListPaths = (
				"${PODS_ROOT}/Target Support Files/Pods-ArtiWall/Pods-ArtiWall-frameworks-${CONFIGURATION}-input-files.xcfilelist",
			);
			name = "[CP] Embed Pods Frameworks";
			outputFileListPaths = (
				"${PODS_ROOT}/Target Support Files/Pods-ArtiWall/Pods-ArtiWall-frameworks-${CONFIGURATION}-output-files.xcfilelist",
			);
			runOnlyForDeploymentPostprocessing = 0;
			shellPath = /bin/sh;
			shellScript = "\"${PODS_ROOT}/Target Support Files/Pods-ArtiWall/Pods-ArtiWall-frameworks.sh\"\n";
			showEnvVarsInLog = 0;
		};
		EFDC71FA2B83E32A0022EB9E /* Run Script SwiftLint */ = {
			isa = PBXShellScriptBuildPhase;
			alwaysOutOfDate = 1;
			buildActionMask = 2147483647;
			files = (
			);
			inputFileListPaths = (
			);
			inputPaths = (
			);
			name = "Run Script SwiftLint";
			outputFileListPaths = (
			);
			outputPaths = (
			);
			runOnlyForDeploymentPostprocessing = 0;
			shellPath = /bin/sh;
			shellScript = "if which swiftlint >/dev/null; then\n  swiftlint\nelse\n  echo \"warning SwiftLint not installed, download it from https://github.com/realm/SwiftLint\"\nfi\n";
		};
/* End PBXShellScriptBuildPhase section */

/* Begin PBXSourcesBuildPhase section */
		EFB7A0F42B83543F00613834 /* Sources */ = {
			isa = PBXSourcesBuildPhase;
			buildActionMask = 2147483647;
			files = (
				EF66F31D2B90C6F30098FA78 /* PopupActionButton.swift in Sources */,
				EFB7A1002B83543F00613834 /* HomeViewController.swift in Sources */,
				EFEF4A622B87709600C207C2 /* UILabel+Extensions.swift in Sources */,
				EFEF4A5B2B8750FA00C207C2 /* UIView+Extensions.swift in Sources */,
				EF9315E02B8CA37700BD3198 /* RoundIconButton.swift in Sources */,
				EFEF4A602B8758A600C207C2 /* CoverLoaderViewController.swift in Sources */,
				EF66F30D2B8F42A20098FA78 /* HomeModuleAssembly.swift in Sources */,
				EF66F30B2B8F1F910098FA78 /* CoverLoaderPresenter.swift in Sources */,
				EF46CACC2B86561400ECEB40 /* NetworkError.swift in Sources */,
				EF66F2F92B8E42F00098FA78 /* PopupErrorViewController.swift in Sources */,
				EF66F2FE2B8E60880098FA78 /* CustomPresentationTransition.swift in Sources */,
				EF66F3132B8F7C6D0098FA78 /* ResultModuleAssembly.swift in Sources */,
				EF66F30F2B8F7A390098FA78 /* CoverLoaderModuleAssembly.swift in Sources */,
				EF46CAC82B85F4E800ECEB40 /* AIGeneratedModel.swift in Sources */,
				EF66F3112B8F7B760098FA78 /* PopupErrorModuleAssembly.swift in Sources */,
				EF66F31A2B908B5D0098FA78 /* TimeLabelView.swift in Sources */,
				EFEF4A6C2B8792BB00C207C2 /* ResultViewController.swift in Sources */,
				EF66F3072B8F1CC90098FA78 /* ResultPresenter.swift in Sources */,
				EFB7A0FC2B83543F00613834 /* AppDelegate.swift in Sources */,
				EF46CAC32B85E7BA00ECEB40 /* NetworkService.swift in Sources */,
				EF66F3172B8FACE30098FA78 /* ArtiWallNavigationController.swift in Sources */,
				EF66F2FC2B8E606D0098FA78 /* CustomDismissalTransition.swift in Sources */,
				EF66F3052B8F19D90098FA78 /* HomePresenter.swift in Sources */,
				EF66F3092B8F1DA50098FA78 /* PopupErrorPresenter.swift in Sources */,
				EF66F3152B8F9C7D0098FA78 /* UIViewController+Extensions.swift in Sources */,
				EF46CAC62B85EE3F00ECEB40 /* APIBuilder.swift in Sources */,
				EFEF4A642B87717000C207C2 /* UIFont+Extensions.swift in Sources */,
				EFB7A0FE2B83543F00613834 /* SceneDelegate.swift in Sources */,
			);
			runOnlyForDeploymentPostprocessing = 0;
		};
/* End PBXSourcesBuildPhase section */

/* Begin PBXVariantGroup section */
		EFB7A1062B83544100613834 /* LaunchScreen.storyboard */ = {
			isa = PBXVariantGroup;
			children = (
				EFB7A1072B83544100613834 /* Base */,
			);
			name = LaunchScreen.storyboard;
			sourceTree = "<group>";
		};
/* End PBXVariantGroup section */

/* Begin XCBuildConfiguration section */
		EFB7A10A2B83544100613834 /* Debug */ = {
			isa = XCBuildConfiguration;
			buildSettings = {
				ALWAYS_SEARCH_USER_PATHS = NO;
				ASSETCATALOG_COMPILER_GENERATE_SWIFT_ASSET_SYMBOL_EXTENSIONS = YES;
				CLANG_ANALYZER_NONNULL = YES;
				CLANG_ANALYZER_NUMBER_OBJECT_CONVERSION = YES_AGGRESSIVE;
				CLANG_CXX_LANGUAGE_STANDARD = "gnu++20";
				CLANG_ENABLE_MODULES = YES;
				CLANG_ENABLE_OBJC_ARC = YES;
				CLANG_ENABLE_OBJC_WEAK = YES;
				CLANG_WARN_BLOCK_CAPTURE_AUTORELEASING = YES;
				CLANG_WARN_BOOL_CONVERSION = YES;
				CLANG_WARN_COMMA = YES;
				CLANG_WARN_CONSTANT_CONVERSION = YES;
				CLANG_WARN_DEPRECATED_OBJC_IMPLEMENTATIONS = YES;
				CLANG_WARN_DIRECT_OBJC_ISA_USAGE = YES_ERROR;
				CLANG_WARN_DOCUMENTATION_COMMENTS = YES;
				CLANG_WARN_EMPTY_BODY = YES;
				CLANG_WARN_ENUM_CONVERSION = YES;
				CLANG_WARN_INFINITE_RECURSION = YES;
				CLANG_WARN_INT_CONVERSION = YES;
				CLANG_WARN_NON_LITERAL_NULL_CONVERSION = YES;
				CLANG_WARN_OBJC_IMPLICIT_RETAIN_SELF = YES;
				CLANG_WARN_OBJC_LITERAL_CONVERSION = YES;
				CLANG_WARN_OBJC_ROOT_CLASS = YES_ERROR;
				CLANG_WARN_QUOTED_INCLUDE_IN_FRAMEWORK_HEADER = YES;
				CLANG_WARN_RANGE_LOOP_ANALYSIS = YES;
				CLANG_WARN_STRICT_PROTOTYPES = YES;
				CLANG_WARN_SUSPICIOUS_MOVE = YES;
				CLANG_WARN_UNGUARDED_AVAILABILITY = YES_AGGRESSIVE;
				CLANG_WARN_UNREACHABLE_CODE = YES;
				CLANG_WARN__DUPLICATE_METHOD_MATCH = YES;
				COPY_PHASE_STRIP = NO;
				DEBUG_INFORMATION_FORMAT = dwarf;
				ENABLE_STRICT_OBJC_MSGSEND = YES;
				ENABLE_TESTABILITY = YES;
				ENABLE_USER_SCRIPT_SANDBOXING = YES;
				GCC_C_LANGUAGE_STANDARD = gnu17;
				GCC_DYNAMIC_NO_PIC = NO;
				GCC_NO_COMMON_BLOCKS = YES;
				GCC_OPTIMIZATION_LEVEL = 0;
				GCC_PREPROCESSOR_DEFINITIONS = (
					"DEBUG=1",
					"$(inherited)",
				);
				GCC_WARN_64_TO_32_BIT_CONVERSION = YES;
				GCC_WARN_ABOUT_RETURN_TYPE = YES_ERROR;
				GCC_WARN_UNDECLARED_SELECTOR = YES;
				GCC_WARN_UNINITIALIZED_AUTOS = YES_AGGRESSIVE;
				GCC_WARN_UNUSED_FUNCTION = YES;
				GCC_WARN_UNUSED_VARIABLE = YES;
				IPHONEOS_DEPLOYMENT_TARGET = 15.0;
				LOCALIZATION_PREFERS_STRING_CATALOGS = YES;
				MTL_ENABLE_DEBUG_INFO = INCLUDE_SOURCE;
				MTL_FAST_MATH = YES;
				ONLY_ACTIVE_ARCH = YES;
				SDKROOT = iphoneos;
				SWIFT_ACTIVE_COMPILATION_CONDITIONS = "DEBUG $(inherited)";
				SWIFT_OPTIMIZATION_LEVEL = "-Onone";
			};
			name = Debug;
		};
		EFB7A10B2B83544100613834 /* Release */ = {
			isa = XCBuildConfiguration;
			buildSettings = {
				ALWAYS_SEARCH_USER_PATHS = NO;
				ASSETCATALOG_COMPILER_GENERATE_SWIFT_ASSET_SYMBOL_EXTENSIONS = YES;
				CLANG_ANALYZER_NONNULL = YES;
				CLANG_ANALYZER_NUMBER_OBJECT_CONVERSION = YES_AGGRESSIVE;
				CLANG_CXX_LANGUAGE_STANDARD = "gnu++20";
				CLANG_ENABLE_MODULES = YES;
				CLANG_ENABLE_OBJC_ARC = YES;
				CLANG_ENABLE_OBJC_WEAK = YES;
				CLANG_WARN_BLOCK_CAPTURE_AUTORELEASING = YES;
				CLANG_WARN_BOOL_CONVERSION = YES;
				CLANG_WARN_COMMA = YES;
				CLANG_WARN_CONSTANT_CONVERSION = YES;
				CLANG_WARN_DEPRECATED_OBJC_IMPLEMENTATIONS = YES;
				CLANG_WARN_DIRECT_OBJC_ISA_USAGE = YES_ERROR;
				CLANG_WARN_DOCUMENTATION_COMMENTS = YES;
				CLANG_WARN_EMPTY_BODY = YES;
				CLANG_WARN_ENUM_CONVERSION = YES;
				CLANG_WARN_INFINITE_RECURSION = YES;
				CLANG_WARN_INT_CONVERSION = YES;
				CLANG_WARN_NON_LITERAL_NULL_CONVERSION = YES;
				CLANG_WARN_OBJC_IMPLICIT_RETAIN_SELF = YES;
				CLANG_WARN_OBJC_LITERAL_CONVERSION = YES;
				CLANG_WARN_OBJC_ROOT_CLASS = YES_ERROR;
				CLANG_WARN_QUOTED_INCLUDE_IN_FRAMEWORK_HEADER = YES;
				CLANG_WARN_RANGE_LOOP_ANALYSIS = YES;
				CLANG_WARN_STRICT_PROTOTYPES = YES;
				CLANG_WARN_SUSPICIOUS_MOVE = YES;
				CLANG_WARN_UNGUARDED_AVAILABILITY = YES_AGGRESSIVE;
				CLANG_WARN_UNREACHABLE_CODE = YES;
				CLANG_WARN__DUPLICATE_METHOD_MATCH = YES;
				COPY_PHASE_STRIP = NO;
				DEBUG_INFORMATION_FORMAT = "dwarf-with-dsym";
				ENABLE_NS_ASSERTIONS = NO;
				ENABLE_STRICT_OBJC_MSGSEND = YES;
				ENABLE_USER_SCRIPT_SANDBOXING = YES;
				GCC_C_LANGUAGE_STANDARD = gnu17;
				GCC_NO_COMMON_BLOCKS = YES;
				GCC_WARN_64_TO_32_BIT_CONVERSION = YES;
				GCC_WARN_ABOUT_RETURN_TYPE = YES_ERROR;
				GCC_WARN_UNDECLARED_SELECTOR = YES;
				GCC_WARN_UNINITIALIZED_AUTOS = YES_AGGRESSIVE;
				GCC_WARN_UNUSED_FUNCTION = YES;
				GCC_WARN_UNUSED_VARIABLE = YES;
				IPHONEOS_DEPLOYMENT_TARGET = 15.0;
				LOCALIZATION_PREFERS_STRING_CATALOGS = YES;
				MTL_ENABLE_DEBUG_INFO = NO;
				MTL_FAST_MATH = YES;
				SDKROOT = iphoneos;
				SWIFT_COMPILATION_MODE = wholemodule;
				VALIDATE_PRODUCT = YES;
			};
			name = Release;
		};
		EFB7A10D2B83544100613834 /* Debug */ = {
			isa = XCBuildConfiguration;
			baseConfigurationReference = 5BBECCC33CE5B66F4A8EE2E5 /* Pods-ArtiWall.debug.xcconfig */;
			buildSettings = {
				ASSETCATALOG_COMPILER_APPICON_NAME = AppIcon;
				ASSETCATALOG_COMPILER_GLOBAL_ACCENT_COLOR_NAME = AccentColor;
				CODE_SIGN_STYLE = Automatic;
				CURRENT_PROJECT_VERSION = 1;
				DEVELOPMENT_TEAM = FC7PVA7NK7;
				ENABLE_USER_SCRIPT_SANDBOXING = NO;
				GENERATE_INFOPLIST_FILE = YES;
				INFOPLIST_FILE = "ArtiWall/Supporting Files/Info.plist";
				INFOPLIST_KEY_UIApplicationSupportsIndirectInputEvents = YES;
				INFOPLIST_KEY_UILaunchStoryboardName = LaunchScreen;
				INFOPLIST_KEY_UISupportedInterfaceOrientations = UIInterfaceOrientationPortrait;
				INFOPLIST_KEY_UISupportedInterfaceOrientations_iPad = "UIInterfaceOrientationLandscapeLeft UIInterfaceOrientationLandscapeRight UIInterfaceOrientationPortrait UIInterfaceOrientationPortraitUpsideDown";
				IPHONEOS_DEPLOYMENT_TARGET = 15.0;
				LD_RUNPATH_SEARCH_PATHS = (
					"$(inherited)",
					"@executable_path/Frameworks",
				);
				MARKETING_VERSION = 1.0;
				PRODUCT_BUNDLE_IDENTIFIER = Iurii.Stepanchuk.ArtiWall;
				PRODUCT_NAME = "$(TARGET_NAME)";
				SUPPORTED_PLATFORMS = "iphoneos iphonesimulator";
				SUPPORTS_MACCATALYST = NO;
				SUPPORTS_MAC_DESIGNED_FOR_IPHONE_IPAD = NO;
				SUPPORTS_XR_DESIGNED_FOR_IPHONE_IPAD = NO;
				SWIFT_EMIT_LOC_STRINGS = YES;
				SWIFT_VERSION = 5.0;
				TARGETED_DEVICE_FAMILY = "1,2";
			};
			name = Debug;
		};
		EFB7A10E2B83544100613834 /* Release */ = {
			isa = XCBuildConfiguration;
			baseConfigurationReference = A64B4EA5E2C2345BDD367176 /* Pods-ArtiWall.release.xcconfig */;
			buildSettings = {
				ASSETCATALOG_COMPILER_APPICON_NAME = AppIcon;
				ASSETCATALOG_COMPILER_GLOBAL_ACCENT_COLOR_NAME = AccentColor;
				CODE_SIGN_STYLE = Automatic;
				CURRENT_PROJECT_VERSION = 1;
				DEVELOPMENT_TEAM = FC7PVA7NK7;
				ENABLE_USER_SCRIPT_SANDBOXING = NO;
				GENERATE_INFOPLIST_FILE = YES;
				INFOPLIST_FILE = "ArtiWall/Supporting Files/Info.plist";
				INFOPLIST_KEY_UIApplicationSupportsIndirectInputEvents = YES;
				INFOPLIST_KEY_UILaunchStoryboardName = LaunchScreen;
				INFOPLIST_KEY_UISupportedInterfaceOrientations = UIInterfaceOrientationPortrait;
				INFOPLIST_KEY_UISupportedInterfaceOrientations_iPad = "UIInterfaceOrientationLandscapeLeft UIInterfaceOrientationLandscapeRight UIInterfaceOrientationPortrait UIInterfaceOrientationPortraitUpsideDown";
				IPHONEOS_DEPLOYMENT_TARGET = 15.0;
				LD_RUNPATH_SEARCH_PATHS = (
					"$(inherited)",
					"@executable_path/Frameworks",
				);
				MARKETING_VERSION = 1.0;
				PRODUCT_BUNDLE_IDENTIFIER = Iurii.Stepanchuk.ArtiWall;
				PRODUCT_NAME = "$(TARGET_NAME)";
				SUPPORTED_PLATFORMS = "iphoneos iphonesimulator";
				SUPPORTS_MACCATALYST = NO;
				SUPPORTS_MAC_DESIGNED_FOR_IPHONE_IPAD = NO;
				SUPPORTS_XR_DESIGNED_FOR_IPHONE_IPAD = NO;
				SWIFT_EMIT_LOC_STRINGS = YES;
				SWIFT_VERSION = 5.0;
				TARGETED_DEVICE_FAMILY = "1,2";
			};
			name = Release;
		};
/* End XCBuildConfiguration section */

/* Begin XCConfigurationList section */
		EFB7A0F32B83543F00613834 /* Build configuration list for PBXProject "ArtiWall" */ = {
			isa = XCConfigurationList;
			buildConfigurations = (
				EFB7A10A2B83544100613834 /* Debug */,
				EFB7A10B2B83544100613834 /* Release */,
			);
			defaultConfigurationIsVisible = 0;
			defaultConfigurationName = Release;
		};
		EFB7A10C2B83544100613834 /* Build configuration list for PBXNativeTarget "ArtiWall" */ = {
			isa = XCConfigurationList;
			buildConfigurations = (
				EFB7A10D2B83544100613834 /* Debug */,
				EFB7A10E2B83544100613834 /* Release */,
			);
			defaultConfigurationIsVisible = 0;
			defaultConfigurationName = Release;
		};
/* End XCConfigurationList section */
	};
	rootObject = EFB7A0F02B83543F00613834 /* Project object */;
}
